// !$*UTF8*$!
{
	archiveVersion = 1;
	classes = {
	};
	objectVersion = 46;
	objects = {

/* Begin PBXBuildFile section */
		896123161F7203EA00521B6C /* AppDelegate.swift in Sources */ = {isa = PBXBuildFile; fileRef = 896123151F7203EA00521B6C /* AppDelegate.swift */; };
		896123181F7203EA00521B6C /* ViewController.swift in Sources */ = {isa = PBXBuildFile; fileRef = 896123171F7203EA00521B6C /* ViewController.swift */; };
		8961231B1F7203EA00521B6C /* Main.storyboard in Resources */ = {isa = PBXBuildFile; fileRef = 896123191F7203EA00521B6C /* Main.storyboard */; };
		8961231E1F7203EA00521B6C /* Soung_Board.xcdatamodeld in Sources */ = {isa = PBXBuildFile; fileRef = 8961231C1F7203EA00521B6C /* Soung_Board.xcdatamodeld */; };
		896123201F7203EA00521B6C /* Assets.xcassets in Resources */ = {isa = PBXBuildFile; fileRef = 8961231F1F7203EA00521B6C /* Assets.xcassets */; };
		896123231F7203EA00521B6C /* LaunchScreen.storyboard in Resources */ = {isa = PBXBuildFile; fileRef = 896123211F7203EA00521B6C /* LaunchScreen.storyboard */; };
/* End PBXBuildFile section */

/* Begin PBXFileReference section */
		896123121F7203EA00521B6C /* Soung Board.app */ = {isa = PBXFileReference; explicitFileType = wrapper.application; includeInIndex = 0; path = "Soung Board.app"; sourceTree = BUILT_PRODUCTS_DIR; };
		896123151F7203EA00521B6C /* AppDelegate.swift */ = {isa = PBXFileReference; lastKnownFileType = sourcecode.swift; path = AppDelegate.swift; sourceTree = "<group>"; };
		896123171F7203EA00521B6C /* ViewController.swift */ = {isa = PBXFileReference; lastKnownFileType = sourcecode.swift; path = ViewController.swift; sourceTree = "<group>"; };
		8961231A1F7203EA00521B6C /* Base */ = {isa = PBXFileReference; lastKnownFileType = file.storyboard; name = Base; path = Base.lproj/Main.storyboard; sourceTree = "<group>"; };
		8961231D1F7203EA00521B6C /* Soung_Board.xcdatamodel */ = {isa = PBXFileReference; lastKnownFileType = wrapper.xcdatamodel; path = Soung_Board.xcdatamodel; sourceTree = "<group>"; };
		8961231F1F7203EA00521B6C /* Assets.xcassets */ = {isa = PBXFileReference; lastKnownFileType = folder.assetcatalog; path = Assets.xcassets; sourceTree = "<group>"; };
		896123221F7203EA00521B6C /* Base */ = {isa = PBXFileReference; lastKnownFileType = file.storyboard; name = Base; path = Base.lproj/LaunchScreen.storyboard; sourceTree = "<group>"; };
		896123241F7203EA00521B6C /* Info.plist */ = {isa = PBXFileReference; lastKnownFileType = text.plist.xml; path = Info.plist; sourceTree = "<group>"; };
/* End PBXFileReference section */

/* Begin PBXFrameworksBuildPhase section */
		8961230F1F7203EA00521B6C /* Frameworks */ = {
			isa = PBXFrameworksBuildPhase;
			buildActionMask = 2147483647;
			files = (
			);
			runOnlyForDeploymentPostprocessing = 0;
		};
/* End PBXFrameworksBuildPhase section */

/* Begin PBXGroup section */
		896123091F7203EA00521B6C = {
			isa = PBXGroup;
			children = (
				896123141F7203EA00521B6C /* Soung Board */,
				896123131F7203EA00521B6C /* Products */,
			);
			sourceTree = "<group>";
		};
		896123131F7203EA00521B6C /* Products */ = {
			isa = PBXGroup;
			children = (
				896123121F7203EA00521B6C /* Soung Board.app */,
			);
			name = Products;
			sourceTree = "<group>";
		};
		896123141F7203EA00521B6C /* Soung Board */ = {
			isa = PBXGroup;
			children = (
				896123151F7203EA00521B6C /* AppDelegate.swift */,
				896123171F7203EA00521B6C /* ViewController.swift */,
				896123191F7203EA00521B6C /* Main.storyboard */,
				8961231F1F7203EA00521B6C /* Assets.xcassets */,
				896123211F7203EA00521B6C /* LaunchScreen.storyboard */,
				896123241F7203EA00521B6C /* Info.plist */,
				8961231C1F7203EA00521B6C /* Soung_Board.xcdatamodeld */,
			);
			path = "Soung Board";
			sourceTree = "<group>";
		};
/* End PBXGroup section */

/* Begin PBXNativeTarget section */
		896123111F7203EA00521B6C /* Soung Board */ = {
			isa = PBXNativeTarget;
			buildConfigurationList = 896123271F7203EA00521B6C /* Build configuration list for PBXNativeTarget "Soung Board" */;
			buildPhases = (
				8961230E1F7203EA00521B6C /* Sources */,
				8961230F1F7203EA00521B6C /* Frameworks */,
				896123101F7203EA00521B6C /* Resources */,
			);
			buildRules = (
			);
			dependencies = (
			);
			name = "Soung Board";
			productName = "Soung Board";
			productReference = 896123121F7203EA00521B6C /* Soung Board.app */;
			productType = "com.apple.product-type.application";
		};
/* End PBXNativeTarget section */

/* Begin PBXProject section */
		8961230A1F7203EA00521B6C /* Project object */ = {
			isa = PBXProject;
			attributes = {
				LastSwiftUpdateCheck = 0830;
				LastUpgradeCheck = 0830;
				ORGANIZATIONNAME = "Mike Rito";
				TargetAttributes = {
					896123111F7203EA00521B6C = {
						CreatedOnToolsVersion = 8.3.3;
						DevelopmentTeam = 892Z5JADEL;
						ProvisioningStyle = Automatic;
					};
				};
			};
			buildConfigurationList = 8961230D1F7203EA00521B6C /* Build configuration list for PBXProject "Soung Board" */;
			compatibilityVersion = "Xcode 3.2";
			developmentRegion = English;
			hasScannedForEncodings = 0;
			knownRegions = (
				en,
				Base,
			);
			mainGroup = 896123091F7203EA00521B6C;
			productRefGroup = 896123131F7203EA00521B6C /* Products */;
			projectDirPath = "";
			projectRoot = "";
			targets = (
				896123111F7203EA00521B6C /* Soung Board */,
			);
		};
/* End PBXProject section */

/* Begin PBXResourcesBuildPhase section */
		896123101F7203EA00521B6C /* Resources */ = {
			isa = PBXResourcesBuildPhase;
			buildActionMask = 2147483647;
			files = (
				896123231F7203EA00521B6C /* LaunchScreen.storyboard in Resources */,
				896123201F7203EA00521B6C /* Assets.xcassets in Resources */,
				8961231B1F7203EA00521B6C /* Main.storyboard in Resources */,
			);
			runOnlyForDeploymentPostprocessing = 0;
		};
/* End PBXResourcesBuildPhase section */

/* Begin PBXSourcesBuildPhase section */
		8961230E1F7203EA00521B6C /* Sources */ = {
			isa = PBXSourcesBuildPhase;
			buildActionMask = 2147483647;
			files = (
				896123181F7203EA00521B6C /* ViewController.swift in Sources */,
				896123161F7203EA00521B6C /* AppDelegate.swift in Sources */,
				8961231E1F7203EA00521B6C /* Soung_Board.xcdatamodeld in Sources */,
			);
			runOnlyForDeploymentPostprocessing = 0;
		};
/* End PBXSourcesBuildPhase section */

/* Begin PBXVariantGroup section */
		896123191F7203EA00521B6C /* Main.storyboard */ = {
			isa = PBXVariantGroup;
			children = (
				8961231A1F7203EA00521B6C /* Base */,
			);
			name = Main.storyboard;
			sourceTree = "<group>";
		};
		896123211F7203EA00521B6C /* LaunchScreen.storyboard */ = {
			isa = PBXVariantGroup;
			children = (
				896123221F7203EA00521B6C /* Base */,
			);
			name = LaunchScreen.storyboard;
			sourceTree = "<group>";
		};
/* End PBXVariantGroup section */

/* Begin XCBuildConfiguration section */
		896123251F7203EA00521B6C /* Debug */ = {
			isa = XCBuildConfiguration;
			buildSettings = {
				ALWAYS_SEARCH_USER_PATHS = NO;
				CLANG_ANALYZER_NONNULL = YES;
				CLANG_ANALYZER_NUMBER_OBJECT_CONVERSION = YES_AGGRESSIVE;
				CLANG_CXX_LANGUAGE_STANDARD = "gnu++0x";
				CLANG_CXX_LIBRARY = "libc++";
				CLANG_ENABLE_MODULES = YES;
				CLANG_ENABLE_OBJC_ARC = YES;
				CLANG_WARN_BOOL_CONVERSION = YES;
				CLANG_WARN_CONSTANT_CONVERSION = YES;
				CLANG_WARN_DIRECT_OBJC_ISA_USAGE = YES_ERROR;
				CLANG_WARN_DOCUMENTATION_COMMENTS = YES;
				CLANG_WARN_EMPTY_BODY = YES;
				CLANG_WARN_ENUM_CONVERSION = YES;
				CLANG_WARN_INFINITE_RECURSION = YES;
				CLANG_WARN_INT_CONVERSION = YES;
				CLANG_WARN_OBJC_ROOT_CLASS = YES_ERROR;
				CLANG_WARN_SUSPICIOUS_MOVE = YES;
				CLANG_WARN_UNREACHABLE_CODE = YES;
				CLANG_WARN__DUPLICATE_METHOD_MATCH = YES;
				"CODE_SIGN_IDENTITY[sdk=iphoneos*]" = "iPhone Developer";
				COPY_PHASE_STRIP = NO;
				DEBUG_INFORMATION_FORMAT = dwarf;
				ENABLE_STRICT_OBJC_MSGSEND = YES;
				ENABLE_TESTABILITY = YES;
				GCC_C_LANGUAGE_STANDARD = gnu99;
				GCC_DYNAMIC_NO_PIC = NO;
				GCC_NO_COMMON_BLOCKS = YES;
				GCC_OPTIMIZATION_LEVEL = 0;
				GCC_PREPROCESSOR_DEFINITIONS = (
					"DEBUG=1",
					"$(inherited)",
				);
				GCC_WARN_64_TO_32_BIT_CONVERSION = YES;
				GCC_WARN_ABOUT_RETURN_TYPE = YES_ERROR;
				GCC_WARN_UNDECLARED_SELECTOR = YES;
				GCC_WARN_UNINITIALIZED_AUTOS = YES_AGGRESSIVE;
				GCC_WARN_UNUSED_FUNCTION = YES;
				GCC_WARN_UNUSED_VARIABLE = YES;
				IPHONEOS_DEPLOYMENT_TARGET = 10.3;
				MTL_ENABLE_DEBUG_INFO = YES;
				ONLY_ACTIVE_ARCH = YES;
				SDKROOT = iphoneos;
				SWIFT_ACTIVE_COMPILATION_CONDITIONS = DEBUG;
				SWIFT_OPTIMIZATION_LEVEL = "-Onone";
				TARGETED_DEVICE_FAMILY = "1,2";
			};
			name = Debug;
		};
		896123261F7203EA00521B6C /* Release */ = {
			isa = XCBuildConfiguration;
			buildSettings = {
				ALWAYS_SEARCH_USER_PATHS = NO;
				CLANG_ANALYZER_NONNULL = YES;
				CLANG_ANALYZER_NUMBER_OBJECT_CONVERSION = YES_AGGRESSIVE;
				CLANG_CXX_LANGUAGE_STANDARD = "gnu++0x";
				CLANG_CXX_LIBRARY = "libc++";
				CLANG_ENABLE_MODULES = YES;
				CLANG_ENABLE_OBJC_ARC = YES;
				CLANG_WARN_BOOL_CONVERSION = YES;
				CLANG_WARN_CONSTANT_CONVERSION = YES;
				CLANG_WARN_DIRECT_OBJC_ISA_USAGE = YES_ERROR;
				CLANG_WARN_DOCUMENTATION_COMMENTS = YES;
				CLANG_WARN_EMPTY_BODY = YES;
				CLANG_WARN_ENUM_CONVERSION = YES;
				CLANG_WARN_INFINITE_RECURSION = YES;
				CLANG_WARN_INT_CONVERSION = YES;
				CLANG_WARN_OBJC_ROOT_CLASS = YES_ERROR;
				CLANG_WARN_SUSPICIOUS_MOVE = YES;
				CLANG_WARN_UNREACHABLE_CODE = YES;
				CLANG_WARN__DUPLICATE_METHOD_MATCH = YES;
				"CODE_SIGN_IDENTITY[sdk=iphoneos*]" = "iPhone Developer";
				COPY_PHASE_STRIP = NO;
				DEBUG_INFORMATION_FORMAT = "dwarf-with-dsym";
				ENABLE_NS_ASSERTIONS = NO;
				ENABLE_STRICT_OBJC_MSGSEND = YES;
				GCC_C_LANGUAGE_STANDARD = gnu99;
				GCC_NO_COMMON_BLOCKS = YES;
				GCC_WARN_64_TO_32_BIT_CONVERSION = YES;
				GCC_WARN_ABOUT_RETURN_TYPE = YES_ERROR;
				GCC_WARN_UNDECLARED_SELECTOR = YES;
				GCC_WARN_UNINITIALIZED_AUTOS = YES_AGGRESSIVE;
				GCC_WARN_UNUSED_FUNCTION = YES;
				GCC_WARN_UNUSED_VARIABLE = YES;
				IPHONEOS_DEPLOYMENT_TARGET = 10.3;
				MTL_ENABLE_DEBUG_INFO = NO;
				SDKROOT = iphoneos;
				SWIFT_OPTIMIZATION_LEVEL = "-Owholemodule";
				TARGETED_DEVICE_FAMILY = "1,2";
				VALIDATE_PRODUCT = YES;
			};
			name = Release;
		};
		896123281F7203EA00521B6C /* Debug */ = {
			isa = XCBuildConfiguration;
			buildSettings = {
				ASSETCATALOG_COMPILER_APPICON_NAME = AppIcon;
				DEVELOPMENT_TEAM = 892Z5JADEL;
				INFOPLIST_FILE = "Soung Board/Info.plist";
				LD_RUNPATH_SEARCH_PATHS = "$(inherited) @executable_path/Frameworks";
				PRODUCT_BUNDLE_IDENTIFIER = "com.Swift-app.Soung-Board";
				PRODUCT_NAME = "$(TARGET_NAME)";
				SWIFT_VERSION = 3.0;
			};
			name = Debug;
		};
		896123291F7203EA00521B6C /* Release */ = {
			isa = XCBuildConfiguration;
			buildSettings = {
				ASSETCATALOG_COMPILER_APPICON_NAME = AppIcon;
				DEVELOPMENT_TEAM = 892Z5JADEL;
				INFOPLIST_FILE = "Soung Board/Info.plist";
				LD_RUNPATH_SEARCH_PATHS = "$(inherited) @executable_path/Frameworks";
				PRODUCT_BUNDLE_IDENTIFIER = "com.Swift-app.Soung-Board";
				PRODUCT_NAME = "$(TARGET_NAME)";
				SWIFT_VERSION = 3.0;
			};
			name = Release;
		};
/* End XCBuildConfiguration section */

/* Begin XCConfigurationList section */
		8961230D1F7203EA00521B6C /* Build configuration list for PBXProject "Soung Board" */ = {
			isa = XCConfigurationList;
			buildConfigurations = (
				896123251F7203EA00521B6C /* Debug */,
				896123261F7203EA00521B6C /* Release */,
			);
			defaultConfigurationIsVisible = 0;
			defaultConfigurationName = Release;
		};
		896123271F7203EA00521B6C /* Build configuration list for PBXNativeTarget "Soung Board" */ = {
			isa = XCConfigurationList;
			buildConfigurations = (
				896123281F7203EA00521B6C /* Debug */,
				896123291F7203EA00521B6C /* Release */,
			);
			defaultConfigurationIsVisible = 0;
		};
/* End XCConfigurationList section */

/* Begin XCVersionGroup section */
		8961231C1F7203EA00521B6C /* Soung_Board.xcdatamodeld */ = {
			isa = XCVersionGroup;
			children = (
				8961231D1F7203EA00521B6C /* Soung_Board.xcdatamodel */,
			);
			currentVersion = 8961231D1F7203EA00521B6C /* Soung_Board.xcdatamodel */;
			path = Soung_Board.xcdatamodeld;
			sourceTree = "<group>";
			versionGroupType = wrapper.xcdatamodel;
		};
/* End XCVersionGroup section */
	};
	rootObject = 8961230A1F7203EA00521B6C /* Project object */;
}
